
Microsoft Visual Studio Solution File, Format Version 12.00
# Visual Studio Version 17
VisualStudioVersion = 17.12.35707.178
MinimumVisualStudioVersion = 10.0.40219.1
Project("{FAE04EC0-301F-11D3-BF4B-00C04F79EFBC}") = "OOP - Klassen", "OOP\OOP - Klassen.csproj", "{F3DA3421-2B1F-4044-9B7F-439902565BC3}"
EndProject
Project("{FAE04EC0-301F-11D3-BF4B-00C04F79EFBC}") = "Klassen - Radio", "Klassen - Radio\Klassen - Radio.csproj", "{A13E582D-3937-406A-9AB2-5016F5E4BD23}"
EndProject
Project("{FAE04EC0-301F-11D3-BF4B-00C04F79EFBC}") = "Klassen - Filiale", "Klassen - Filiale\Klassen - Filiale.csproj", "{3EE936B2-425E-4D84-A408-08B5BEAA8BD4}"
EndProject
Project("{FAE04EC0-301F-11D3-BF4B-00C04F79EFBC}") = "Klassen - Sparschwein", "Klassen - Sparschwein\Klassen - Sparschwein.csproj", "{76D05F5F-8225-4EAD-BB41-9358F9CBBAE8}"
EndProject
Project("{FAE04EC0-301F-11D3-BF4B-00C04F79EFBC}") = "Klassen - Wurfelspiel", "Klassen - Wurfelspiel\Klassen - Wurfelspiel.csproj", "{A4C9F98F-09DC-4123-9852-C923CA1C62C5}"
EndProject
Project("{FAE04EC0-301F-11D3-BF4B-00C04F79EFBC}") = "Klassen - Bruchrechnung", "Klassen - Bruchrechnung\Klassen - Bruchrechnung.csproj", "{41030356-85E5-4A75-9B61-1EE5BDAD1CDC}"
EndProject
Project("{FAE04EC0-301F-11D3-BF4B-00C04F79EFBC}") = "Klassen - Personen aus datei Lesen", "Klassen - Personen aus datei Lesen\Klassen - Personen aus datei Lesen.csproj", "{211830F6-EA2E-46C2-959C-E5A584F872A5}"
EndProject
Project("{FAE04EC0-301F-11D3-BF4B-00C04F79EFBC}") = "Klassen - Beziehungen 1", "Klassen - Beziehungen 1\Klassen - Beziehungen 1.csproj", "{4A56A968-A174-4E73-8ACA-0B586AD5560C}"
EndProject
Project("{FAE04EC0-301F-11D3-BF4B-00C04F79EFBC}") = "Klassen - Zahnartzpraxis", "Klassen - Zahnartzpraxis\Klassen - Zahnartzpraxis.csproj", "{E5C6AA87-18A8-4A24-9A99-C1B9D450B877}"
EndProject
Project("{FAE04EC0-301F-11D3-BF4B-00C04F79EFBC}") = "Klassen - Warenlager", "Klassen - Warenlager\Klassen - Warenlager.csproj", "{BB82BEDF-9952-439A-AACC-B43C67C45414}"
EndProject
Project("{FAE04EC0-301F-11D3-BF4B-00C04F79EFBC}") = "Klassen - Koordinatensystem", "Klassen - Koordinatensystem\Klassen - Koordinatensystem.csproj", "{3315EA82-D22E-40F1-A914-A6AA16E6190F}"
EndProject
Project("{FAE04EC0-301F-11D3-BF4B-00C04F79EFBC}") = "Klassen - TennisSpiel", "Klassen - TennisSpiel\Klassen - TennisSpiel.csproj", "{E995173C-2A3F-414C-852C-DCB0EE5C2501}"
EndProject
Project("{FAE04EC0-301F-11D3-BF4B-00C04F79EFBC}") = "Klassen - Schuler und Projekte", "Klassen - Schuler und Projekte\Klassen - Schuler und Projekte.csproj", "{8D90FB40-F4E4-4FAD-9A7A-3A0AB7F999A7}"
EndProject
Project("{FAE04EC0-301F-11D3-BF4B-00C04F79EFBC}") = "Klassen - Warteschlange - Association WTF", "Klassen - Warteschlange\Klassen - Warteschlange - Association WTF.csproj", "{54894B83-226F-4717-9B5C-C233CF928B9F}"
EndProject
Project("{FAE04EC0-301F-11D3-BF4B-00C04F79EFBC}") = "Klassen - Warteschlange 2 - Komposition", "Klassen - Warteschlange 2\Klassen - Warteschlange 2 - Komposition.csproj", "{348E1683-783D-4621-949A-BF8CABEB6396}"
EndProject
Project("{FAE04EC0-301F-11D3-BF4B-00C04F79EFBC}") = "Klassen - Rennschnecken", "Klassen - Rennschnecken\Klassen - Rennschnecken.csproj", "{8F3757E2-5639-4594-84C3-AE0F65D8C032}"
EndProject
Project("{FAE04EC0-301F-11D3-BF4B-00C04F79EFBC}") = "Klassen - Vererbung und Enums - Gehaltsberechnung", "Klassen - Gehaltsberechnung\Klassen - Vererbung und Enums - Gehaltsberechnung.csproj", "{2C49E206-C429-4F14-BDD9-43BF09000A6E}"
EndProject
Project("{FAE04EC0-301F-11D3-BF4B-00C04F79EFBC}") = "Klassen - Bankkonten", "Klassen - Bankkonten\Klassen - Bankkonten.csproj", "{0AF25191-5F6E-443D-866D-9084D9D06732}"
EndProject
Project("{FAE04EC0-301F-11D3-BF4B-00C04F79EFBC}") = "Klassen - Fussballspiel", "Klassen - Fussballspiel\Klassen - Fussballspiel.csproj", "{BCE06117-F23B-4566-B01A-0DE89D004247}"
EndProject
Global
	GlobalSection(SolutionConfigurationPlatforms) = preSolution
		Debug|Any CPU = Debug|Any CPU
		Release|Any CPU = Release|Any CPU
	EndGlobalSection
	GlobalSection(ProjectConfigurationPlatforms) = postSolution
		{F3DA3421-2B1F-4044-9B7F-439902565BC3}.Debug|Any CPU.ActiveCfg = Debug|Any CPU
		{F3DA3421-2B1F-4044-9B7F-439902565BC3}.Debug|Any CPU.Build.0 = Debug|Any CPU
		{F3DA3421-2B1F-4044-9B7F-439902565BC3}.Release|Any CPU.ActiveCfg = Release|Any CPU
		{F3DA3421-2B1F-4044-9B7F-439902565BC3}.Release|Any CPU.Build.0 = Release|Any CPU
		{A13E582D-3937-406A-9AB2-5016F5E4BD23}.Debug|Any CPU.ActiveCfg = Debug|Any CPU
		{A13E582D-3937-406A-9AB2-5016F5E4BD23}.Debug|Any CPU.Build.0 = Debug|Any CPU
		{A13E582D-3937-406A-9AB2-5016F5E4BD23}.Release|Any CPU.ActiveCfg = Release|Any CPU
		{A13E582D-3937-406A-9AB2-5016F5E4BD23}.Release|Any CPU.Build.0 = Release|Any CPU
		{3EE936B2-425E-4D84-A408-08B5BEAA8BD4}.Debug|Any CPU.ActiveCfg = Debug|Any CPU
		{3EE936B2-425E-4D84-A408-08B5BEAA8BD4}.Debug|Any CPU.Build.0 = Debug|Any CPU
		{3EE936B2-425E-4D84-A408-08B5BEAA8BD4}.Release|Any CPU.ActiveCfg = Release|Any CPU
		{3EE936B2-425E-4D84-A408-08B5BEAA8BD4}.Release|Any CPU.Build.0 = Release|Any CPU
		{76D05F5F-8225-4EAD-BB41-9358F9CBBAE8}.Debug|Any CPU.ActiveCfg = Debug|Any CPU
		{76D05F5F-8225-4EAD-BB41-9358F9CBBAE8}.Debug|Any CPU.Build.0 = Debug|Any CPU
		{76D05F5F-8225-4EAD-BB41-9358F9CBBAE8}.Release|Any CPU.ActiveCfg = Release|Any CPU
		{76D05F5F-8225-4EAD-BB41-9358F9CBBAE8}.Release|Any CPU.Build.0 = Release|Any CPU
		{A4C9F98F-09DC-4123-9852-C923CA1C62C5}.Debug|Any CPU.ActiveCfg = Debug|Any CPU
		{A4C9F98F-09DC-4123-9852-C923CA1C62C5}.Debug|Any CPU.Build.0 = Debug|Any CPU
		{A4C9F98F-09DC-4123-9852-C923CA1C62C5}.Release|Any CPU.ActiveCfg = Release|Any CPU
		{A4C9F98F-09DC-4123-9852-C923CA1C62C5}.Release|Any CPU.Build.0 = Release|Any CPU
		{41030356-85E5-4A75-9B61-1EE5BDAD1CDC}.Debug|Any CPU.ActiveCfg = Debug|Any CPU
		{41030356-85E5-4A75-9B61-1EE5BDAD1CDC}.Debug|Any CPU.Build.0 = Debug|Any CPU
		{41030356-85E5-4A75-9B61-1EE5BDAD1CDC}.Release|Any CPU.ActiveCfg = Release|Any CPU
		{41030356-85E5-4A75-9B61-1EE5BDAD1CDC}.Release|Any CPU.Build.0 = Release|Any CPU
		{211830F6-EA2E-46C2-959C-E5A584F872A5}.Debug|Any CPU.ActiveCfg = Debug|Any CPU
		{211830F6-EA2E-46C2-959C-E5A584F872A5}.Debug|Any CPU.Build.0 = Debug|Any CPU
		{211830F6-EA2E-46C2-959C-E5A584F872A5}.Release|Any CPU.ActiveCfg = Release|Any CPU
		{211830F6-EA2E-46C2-959C-E5A584F872A5}.Release|Any CPU.Build.0 = Release|Any CPU
		{4A56A968-A174-4E73-8ACA-0B586AD5560C}.Debug|Any CPU.ActiveCfg = Debug|Any CPU
		{4A56A968-A174-4E73-8ACA-0B586AD5560C}.Debug|Any CPU.Build.0 = Debug|Any CPU
		{4A56A968-A174-4E73-8ACA-0B586AD5560C}.Release|Any CPU.ActiveCfg = Release|Any CPU
		{4A56A968-A174-4E73-8ACA-0B586AD5560C}.Release|Any CPU.Build.0 = Release|Any CPU
		{E5C6AA87-18A8-4A24-9A99-C1B9D450B877}.Debug|Any CPU.ActiveCfg = Debug|Any CPU
		{E5C6AA87-18A8-4A24-9A99-C1B9D450B877}.Debug|Any CPU.Build.0 = Debug|Any CPU
		{E5C6AA87-18A8-4A24-9A99-C1B9D450B877}.Release|Any CPU.ActiveCfg = Release|Any CPU
		{E5C6AA87-18A8-4A24-9A99-C1B9D450B877}.Release|Any CPU.Build.0 = Release|Any CPU
		{BB82BEDF-9952-439A-AACC-B43C67C45414}.Debug|Any CPU.ActiveCfg = Debug|Any CPU
		{BB82BEDF-9952-439A-AACC-B43C67C45414}.Debug|Any CPU.Build.0 = Debug|Any CPU
		{BB82BEDF-9952-439A-AACC-B43C67C45414}.Release|Any CPU.ActiveCfg = Release|Any CPU
		{BB82BEDF-9952-439A-AACC-B43C67C45414}.Release|Any CPU.Build.0 = Release|Any CPU
		{3315EA82-D22E-40F1-A914-A6AA16E6190F}.Debug|Any CPU.ActiveCfg = Debug|Any CPU
		{3315EA82-D22E-40F1-A914-A6AA16E6190F}.Debug|Any CPU.Build.0 = Debug|Any CPU
		{3315EA82-D22E-40F1-A914-A6AA16E6190F}.Release|Any CPU.ActiveCfg = Release|Any CPU
		{3315EA82-D22E-40F1-A914-A6AA16E6190F}.Release|Any CPU.Build.0 = Release|Any CPU
		{E995173C-2A3F-414C-852C-DCB0EE5C2501}.Debug|Any CPU.ActiveCfg = Debug|Any CPU
		{E995173C-2A3F-414C-852C-DCB0EE5C2501}.Debug|Any CPU.Build.0 = Debug|Any CPU
		{E995173C-2A3F-414C-852C-DCB0EE5C2501}.Release|Any CPU.ActiveCfg = Release|Any CPU
		{E995173C-2A3F-414C-852C-DCB0EE5C2501}.Release|Any CPU.Build.0 = Release|Any CPU
		{8D90FB40-F4E4-4FAD-9A7A-3A0AB7F999A7}.Debug|Any CPU.ActiveCfg = Debug|Any CPU
		{8D90FB40-F4E4-4FAD-9A7A-3A0AB7F999A7}.Debug|Any CPU.Build.0 = Debug|Any CPU
		{8D90FB40-F4E4-4FAD-9A7A-3A0AB7F999A7}.Release|Any CPU.ActiveCfg = Release|Any CPU
		{8D90FB40-F4E4-4FAD-9A7A-3A0AB7F999A7}.Release|Any CPU.Build.0 = Release|Any CPU
		{54894B83-226F-4717-9B5C-C233CF928B9F}.Debug|Any CPU.ActiveCfg = Debug|Any CPU
		{54894B83-226F-4717-9B5C-C233CF928B9F}.Debug|Any CPU.Build.0 = Debug|Any CPU
		{54894B83-226F-4717-9B5C-C233CF928B9F}.Release|Any CPU.ActiveCfg = Release|Any CPU
		{54894B83-226F-4717-9B5C-C233CF928B9F}.Release|Any CPU.Build.0 = Release|Any CPU
		{348E1683-783D-4621-949A-BF8CABEB6396}.Debug|Any CPU.ActiveCfg = Debug|Any CPU
		{348E1683-783D-4621-949A-BF8CABEB6396}.Debug|Any CPU.Build.0 = Debug|Any CPU
		{348E1683-783D-4621-949A-BF8CABEB6396}.Release|Any CPU.ActiveCfg = Release|Any CPU
		{348E1683-783D-4621-949A-BF8CABEB6396}.Release|Any CPU.Build.0 = Release|Any CPU
		{8F3757E2-5639-4594-84C3-AE0F65D8C032}.Debug|Any CPU.ActiveCfg = Debug|Any CPU
		{8F3757E2-5639-4594-84C3-AE0F65D8C032}.Debug|Any CPU.Build.0 = Debug|Any CPU
		{8F3757E2-5639-4594-84C3-AE0F65D8C032}.Release|Any CPU.ActiveCfg = Release|Any CPU
		{8F3757E2-5639-4594-84C3-AE0F65D8C032}.Release|Any CPU.Build.0 = Release|Any CPU
		{2C49E206-C429-4F14-BDD9-43BF09000A6E}.Debug|Any CPU.ActiveCfg = Debug|Any CPU
		{2C49E206-C429-4F14-BDD9-43BF09000A6E}.Debug|Any CPU.Build.0 = Debug|Any CPU
		{2C49E206-C429-4F14-BDD9-43BF09000A6E}.Release|Any CPU.ActiveCfg = Release|Any CPU
		{2C49E206-C429-4F14-BDD9-43BF09000A6E}.Release|Any CPU.Build.0 = Release|Any CPU
		{0AF25191-5F6E-443D-866D-9084D9D06732}.Debug|Any CPU.ActiveCfg = Debug|Any CPU
		{0AF25191-5F6E-443D-866D-9084D9D06732}.Debug|Any CPU.Build.0 = Debug|Any CPU
		{0AF25191-5F6E-443D-866D-9084D9D06732}.Release|Any CPU.ActiveCfg = Release|Any CPU
		{0AF25191-5F6E-443D-866D-9084D9D06732}.Release|Any CPU.Build.0 = Release|Any CPU
		{BCE06117-F23B-4566-B01A-0DE89D004247}.Debug|Any CPU.ActiveCfg = Debug|Any CPU
		{BCE06117-F23B-4566-B01A-0DE89D004247}.Debug|Any CPU.Build.0 = Debug|Any CPU
		{BCE06117-F23B-4566-B01A-0DE89D004247}.Release|Any CPU.ActiveCfg = Release|Any CPU
		{BCE06117-F23B-4566-B01A-0DE89D004247}.Release|Any CPU.Build.0 = Release|Any CPU
	EndGlobalSection
	GlobalSection(SolutionProperties) = preSolution
		HideSolutionNode = FALSE
	EndGlobalSection
EndGlobal
